
Microsoft Visual Studio Solution File, Format Version 12.00
# Visual Studio Version 17
VisualStudioVersion = 17.13.35931.197 d17.13
MinimumVisualStudioVersion = 10.0.40219.1
Project("{FAE04EC0-301F-11D3-BF4B-00C04F79EFBC}") = "Trainingsmanager", "Trainingsmanager\Trainingsmanager.csproj", "{C063B01C-B0E5-446E-BA72-B903AEE547E4}"
EndProject
Global
	GlobalSection(SolutionConfigurationPlatforms) = preSolution
		Debug|Any CPU = Debug|Any CPU
		Release|Any CPU = Release|Any CPU
	EndGlobalSection
	GlobalSection(ProjectConfigurationPlatforms) = postSolution
		{C063B01C-B0E5-446E-BA72-B903AEE547E4}.Debug|Any CPU.ActiveCfg = Debug|Any CPU
		{C063B01C-B0E5-446E-BA72-B903AEE547E4}.Debug|Any CPU.Build.0 = Debug|Any CPU
		{C063B01C-B0E5-446E-BA72-B903AEE547E4}.Release|Any CPU.ActiveCfg = Release|Any CPU
		{C063B01C-B0E5-446E-BA72-B903AEE547E4}.Release|Any CPU.Build.0 = Release|Any CPU
	EndGlobalSection
	GlobalSection(SolutionProperties) = preSolution
		HideSolutionNode = FALSE
	EndGlobalSection
	GlobalSection(ExtensibilityGlobals) = postSolution
		SolutionGuid = {1C5579A4-6087-4CA5-8591-726F2C654C89}
	EndGlobalSection
EndGlobal
